
Microsoft Visual Studio Solution File, Format Version 12.00
# Visual Studio Version 16
VisualStudioVersion = 16.0.29025.244
MinimumVisualStudioVersion = 10.0.40219.1
Project("{9A19103F-16F7-4668-BE54-9A1E7A4F7556}") = "Root", "Root\Root.csproj", "{8B1F6A1A-62EE-469D-8721-4AAB96465307}"
EndProject
Project("{9A19103F-16F7-4668-BE54-9A1E7A4F7556}") = "Core", "Core\Core.csproj", "{9C87FD3E-ACE2-4E54-9AE3-AD557B5F2A47}"
EndProject
Project("{9A19103F-16F7-4668-BE54-9A1E7A4F7556}") = "Persistance", "Persistance\Persistance.csproj", "{DDF6BDF3-8AD6-49AA-858E-78D53EBF2056}"
EndProject
Project("{FAE04EC0-301F-11D3-BF4B-00C04F79EFBC}") = "Réalisations", "Réalisations\Réalisations.csproj", "{88DAA864-1F0C-4D92-8C43-8F357E7B0716}"
EndProject
Global
	GlobalSection(SolutionConfigurationPlatforms) = preSolution
		Debug|Any CPU = Debug|Any CPU
		Release|Any CPU = Release|Any CPU
	EndGlobalSection
	GlobalSection(ProjectConfigurationPlatforms) = postSolution
		{8B1F6A1A-62EE-469D-8721-4AAB96465307}.Debug|Any CPU.ActiveCfg = Debug|Any CPU
		{8B1F6A1A-62EE-469D-8721-4AAB96465307}.Debug|Any CPU.Build.0 = Debug|Any CPU
		{8B1F6A1A-62EE-469D-8721-4AAB96465307}.Release|Any CPU.ActiveCfg = Release|Any CPU
		{8B1F6A1A-62EE-469D-8721-4AAB96465307}.Release|Any CPU.Build.0 = Release|Any CPU
		{9C87FD3E-ACE2-4E54-9AE3-AD557B5F2A47}.Debug|Any CPU.ActiveCfg = Debug|Any CPU
		{9C87FD3E-ACE2-4E54-9AE3-AD557B5F2A47}.Debug|Any CPU.Build.0 = Debug|Any CPU
		{9C87FD3E-ACE2-4E54-9AE3-AD557B5F2A47}.Release|Any CPU.ActiveCfg = Release|Any CPU
		{9C87FD3E-ACE2-4E54-9AE3-AD557B5F2A47}.Release|Any CPU.Build.0 = Release|Any CPU
		{DDF6BDF3-8AD6-49AA-858E-78D53EBF2056}.Debug|Any CPU.ActiveCfg = Debug|Any CPU
		{DDF6BDF3-8AD6-49AA-858E-78D53EBF2056}.Debug|Any CPU.Build.0 = Debug|Any CPU
		{DDF6BDF3-8AD6-49AA-858E-78D53EBF2056}.Release|Any CPU.ActiveCfg = Release|Any CPU
		{DDF6BDF3-8AD6-49AA-858E-78D53EBF2056}.Release|Any CPU.Build.0 = Release|Any CPU
		{88DAA864-1F0C-4D92-8C43-8F357E7B0716}.Debug|Any CPU.ActiveCfg = Debug|Any CPU
		{88DAA864-1F0C-4D92-8C43-8F357E7B0716}.Debug|Any CPU.Build.0 = Debug|Any CPU
		{88DAA864-1F0C-4D92-8C43-8F357E7B0716}.Release|Any CPU.ActiveCfg = Release|Any CPU
		{88DAA864-1F0C-4D92-8C43-8F357E7B0716}.Release|Any CPU.Build.0 = Release|Any CPU
	EndGlobalSection
	GlobalSection(SolutionProperties) = preSolution
		HideSolutionNode = FALSE
	EndGlobalSection
	GlobalSection(ExtensibilityGlobals) = postSolution
		SolutionGuid = {594B1ADA-FC75-48E8-A953-EEAC7B3D9200}
	EndGlobalSection
EndGlobal
